// !$*UTF8*$!
{
	archiveVersion = 1;
	classes = {
	};
	objectVersion = 46;
	objects = {

/* Begin PBXBuildFile section */
		C909FB701F10F93800C824AC /* Problem_15.swift in Sources */ = {isa = PBXBuildFile; fileRef = C909FB6F1F10F93800C824AC /* Problem_15.swift */; };
		C909FB721F11B47900C824AC /* Problem_16.swift in Sources */ = {isa = PBXBuildFile; fileRef = C909FB711F11B47900C824AC /* Problem_16.swift */; };
		C91175031F15AEAB009CEE88 /* Problem_18.swift in Sources */ = {isa = PBXBuildFile; fileRef = C91175021F15AEAB009CEE88 /* Problem_18.swift */; };
		C91803C11F197D650093C79B /* Problem_21.swift in Sources */ = {isa = PBXBuildFile; fileRef = C91803C01F197D650093C79B /* Problem_21.swift */; };
		C91EB45E1F13CF5B00EED7CB /* Problem_17.swift in Sources */ = {isa = PBXBuildFile; fileRef = C91EB45D1F13CF5B00EED7CB /* Problem_17.swift */; };
		C92E72F01F07660800187B0D /* Problem_3.swift in Sources */ = {isa = PBXBuildFile; fileRef = C92E72EF1F07660800187B0D /* Problem_3.swift */; };
		C97A4BBA1F17B3CB00D3BBBF /* Problem_19.swift in Sources */ = {isa = PBXBuildFile; fileRef = C97A4BB91F17B3CB00D3BBBF /* Problem_19.swift */; };
		C9A0A2E61F0BDD070036591A /* Problem_7.swift in Sources */ = {isa = PBXBuildFile; fileRef = C9A0A2E51F0BDD070036591A /* Problem_7.swift */; };
		C9C364A81F0F99A200DA367D /* Problem_14.swift in Sources */ = {isa = PBXBuildFile; fileRef = C9C364A71F0F99A200DA367D /* Problem_14.swift */; };
		C9C3A4191F18FABA0010EADD /* Problem_20.swift in Sources */ = {isa = PBXBuildFile; fileRef = C9C3A4181F18FABA0010EADD /* Problem_20.swift */; };
		C9CBEABB1F0D1D9D0019FBFB /* Problem_9.swift in Sources */ = {isa = PBXBuildFile; fileRef = C9CBEABA1F0D1D9D0019FBFB /* Problem_9.swift */; };
		C9CCB5091F0E62310020EF3B /* Problem_11.swift in Sources */ = {isa = PBXBuildFile; fileRef = C9CCB5081F0E62310020EF3B /* Problem_11.swift */; };
		C9F0ED2A1F0A845D003443C9 /* Problem_6.swift in Sources */ = {isa = PBXBuildFile; fileRef = C9F0ED291F0A845D003443C9 /* Problem_6.swift */; };
		C9F1B67A1F084D150045BFBC /* Problem_5.swift in Sources */ = {isa = PBXBuildFile; fileRef = C9F1B6791F084D150045BFBC /* Problem_5.swift */; };
		C9F3FD271F07457200805D13 /* main.swift in Sources */ = {isa = PBXBuildFile; fileRef = C9F3FD261F07457200805D13 /* main.swift */; };
		C9F3FD2E1F07462C00805D13 /* Problem_1.swift in Sources */ = {isa = PBXBuildFile; fileRef = C9F3FD2D1F07462C00805D13 /* Problem_1.swift */; };
		C9F3FD301F07463A00805D13 /* Problem_2.swift in Sources */ = {isa = PBXBuildFile; fileRef = C9F3FD2F1F07463A00805D13 /* Problem_2.swift */; };
/* End PBXBuildFile section */

/* Begin PBXCopyFilesBuildPhase section */
		C9F3FD211F07457200805D13 /* CopyFiles */ = {
			isa = PBXCopyFilesBuildPhase;
			buildActionMask = 2147483647;
			dstPath = /usr/share/man/man1/;
			dstSubfolderSpec = 0;
			files = (
			);
			runOnlyForDeploymentPostprocessing = 1;
		};
/* End PBXCopyFilesBuildPhase section */

/* Begin PBXFileReference section */
		C909FB6F1F10F93800C824AC /* Problem_15.swift */ = {isa = PBXFileReference; fileEncoding = 4; lastKnownFileType = sourcecode.swift; path = Problem_15.swift; sourceTree = "<group>"; };
		C909FB711F11B47900C824AC /* Problem_16.swift */ = {isa = PBXFileReference; fileEncoding = 4; lastKnownFileType = sourcecode.swift; path = Problem_16.swift; sourceTree = "<group>"; };
		C91175021F15AEAB009CEE88 /* Problem_18.swift */ = {isa = PBXFileReference; fileEncoding = 4; lastKnownFileType = sourcecode.swift; path = Problem_18.swift; sourceTree = "<group>"; };
		C91803C01F197D650093C79B /* Problem_21.swift */ = {isa = PBXFileReference; fileEncoding = 4; lastKnownFileType = sourcecode.swift; path = Problem_21.swift; sourceTree = "<group>"; };
		C91EB45D1F13CF5B00EED7CB /* Problem_17.swift */ = {isa = PBXFileReference; fileEncoding = 4; lastKnownFileType = sourcecode.swift; path = Problem_17.swift; sourceTree = "<group>"; };
		C92E72EF1F07660800187B0D /* Problem_3.swift */ = {isa = PBXFileReference; fileEncoding = 4; lastKnownFileType = sourcecode.swift; path = Problem_3.swift; sourceTree = "<group>"; };
		C97A4BB91F17B3CB00D3BBBF /* Problem_19.swift */ = {isa = PBXFileReference; fileEncoding = 4; lastKnownFileType = sourcecode.swift; path = Problem_19.swift; sourceTree = "<group>"; };
		C9A0A2E51F0BDD070036591A /* Problem_7.swift */ = {isa = PBXFileReference; fileEncoding = 4; lastKnownFileType = sourcecode.swift; path = Problem_7.swift; sourceTree = "<group>"; };
		C9C364A71F0F99A200DA367D /* Problem_14.swift */ = {isa = PBXFileReference; fileEncoding = 4; lastKnownFileType = sourcecode.swift; path = Problem_14.swift; sourceTree = "<group>"; };
		C9C3A4181F18FABA0010EADD /* Problem_20.swift */ = {isa = PBXFileReference; fileEncoding = 4; lastKnownFileType = sourcecode.swift; path = Problem_20.swift; sourceTree = "<group>"; };
		C9CBEABA1F0D1D9D0019FBFB /* Problem_9.swift */ = {isa = PBXFileReference; fileEncoding = 4; lastKnownFileType = sourcecode.swift; path = Problem_9.swift; sourceTree = "<group>"; };
		C9CCB5081F0E62310020EF3B /* Problem_11.swift */ = {isa = PBXFileReference; fileEncoding = 4; lastKnownFileType = sourcecode.swift; path = Problem_11.swift; sourceTree = "<group>"; };
		C9F0ED291F0A845D003443C9 /* Problem_6.swift */ = {isa = PBXFileReference; fileEncoding = 4; lastKnownFileType = sourcecode.swift; path = Problem_6.swift; sourceTree = "<group>"; };
		C9F1B6791F084D150045BFBC /* Problem_5.swift */ = {isa = PBXFileReference; fileEncoding = 4; lastKnownFileType = sourcecode.swift; path = Problem_5.swift; sourceTree = "<group>"; };
		C9F3FD231F07457200805D13 /* LeetCode */ = {isa = PBXFileReference; explicitFileType = "compiled.mach-o.executable"; includeInIndex = 0; path = LeetCode; sourceTree = BUILT_PRODUCTS_DIR; };
		C9F3FD261F07457200805D13 /* main.swift */ = {isa = PBXFileReference; lastKnownFileType = sourcecode.swift; path = main.swift; sourceTree = "<group>"; };
		C9F3FD2D1F07462C00805D13 /* Problem_1.swift */ = {isa = PBXFileReference; fileEncoding = 4; lastKnownFileType = sourcecode.swift; path = Problem_1.swift; sourceTree = "<group>"; };
		C9F3FD2F1F07463A00805D13 /* Problem_2.swift */ = {isa = PBXFileReference; fileEncoding = 4; lastKnownFileType = sourcecode.swift; path = Problem_2.swift; sourceTree = "<group>"; };
/* End PBXFileReference section */

/* Begin PBXFrameworksBuildPhase section */
		C9F3FD201F07457200805D13 /* Frameworks */ = {
			isa = PBXFrameworksBuildPhase;
			buildActionMask = 2147483647;
			files = (
			);
			runOnlyForDeploymentPostprocessing = 0;
		};
/* End PBXFrameworksBuildPhase section */

/* Begin PBXGroup section */
		C9F3FD1A1F07457200805D13 = {
			isa = PBXGroup;
			children = (
				C9F3FD251F07457200805D13 /* LeetCode */,
				C9F3FD241F07457200805D13 /* Products */,
			);
			sourceTree = "<group>";
		};
		C9F3FD241F07457200805D13 /* Products */ = {
			isa = PBXGroup;
			children = (
				C9F3FD231F07457200805D13 /* LeetCode */,
			);
			name = Products;
			sourceTree = "<group>";
		};
		C9F3FD251F07457200805D13 /* LeetCode */ = {
			isa = PBXGroup;
			children = (
				C9F3FD261F07457200805D13 /* main.swift */,
				C9F3FD2D1F07462C00805D13 /* Problem_1.swift */,
				C9F3FD2F1F07463A00805D13 /* Problem_2.swift */,
				C92E72EF1F07660800187B0D /* Problem_3.swift */,
				C9F1B6791F084D150045BFBC /* Problem_5.swift */,
				C9F0ED291F0A845D003443C9 /* Problem_6.swift */,
				C9A0A2E51F0BDD070036591A /* Problem_7.swift */,
				C9CBEABA1F0D1D9D0019FBFB /* Problem_9.swift */,
				C9CCB5081F0E62310020EF3B /* Problem_11.swift */,
				C9C364A71F0F99A200DA367D /* Problem_14.swift */,
				C909FB6F1F10F93800C824AC /* Problem_15.swift */,
				C909FB711F11B47900C824AC /* Problem_16.swift */,
				C91EB45D1F13CF5B00EED7CB /* Problem_17.swift */,
				C91175021F15AEAB009CEE88 /* Problem_18.swift */,
				C97A4BB91F17B3CB00D3BBBF /* Problem_19.swift */,
				C9C3A4181F18FABA0010EADD /* Problem_20.swift */,
				C91803C01F197D650093C79B /* Problem_21.swift */,
			);
			path = LeetCode;
			sourceTree = "<group>";
		};
/* End PBXGroup section */

/* Begin PBXNativeTarget section */
		C9F3FD221F07457200805D13 /* LeetCode */ = {
			isa = PBXNativeTarget;
			buildConfigurationList = C9F3FD2A1F07457200805D13 /* Build configuration list for PBXNativeTarget "LeetCode" */;
			buildPhases = (
				C9F3FD1F1F07457200805D13 /* Sources */,
				C9F3FD201F07457200805D13 /* Frameworks */,
				C9F3FD211F07457200805D13 /* CopyFiles */,
			);
			buildRules = (
			);
			dependencies = (
			);
			name = LeetCode;
			productName = LeetCode;
			productReference = C9F3FD231F07457200805D13 /* LeetCode */;
			productType = "com.apple.product-type.tool";
		};
/* End PBXNativeTarget section */

/* Begin PBXProject section */
		C9F3FD1B1F07457200805D13 /* Project object */ = {
			isa = PBXProject;
			attributes = {
				LastSwiftUpdateCheck = 0830;
				LastUpgradeCheck = 0830;
				ORGANIZATIONNAME = Bizersoft;
				TargetAttributes = {
					C9F3FD221F07457200805D13 = {
						CreatedOnToolsVersion = 8.3.3;
						ProvisioningStyle = Automatic;
					};
				};
			};
			buildConfigurationList = C9F3FD1E1F07457200805D13 /* Build configuration list for PBXProject "LeetCode" */;
			compatibilityVersion = "Xcode 3.2";
			developmentRegion = English;
			hasScannedForEncodings = 0;
			knownRegions = (
				en,
			);
			mainGroup = C9F3FD1A1F07457200805D13;
			productRefGroup = C9F3FD241F07457200805D13 /* Products */;
			projectDirPath = "";
			projectRoot = "";
			targets = (
				C9F3FD221F07457200805D13 /* LeetCode */,
			);
		};
/* End PBXProject section */

/* Begin PBXSourcesBuildPhase section */
		C9F3FD1F1F07457200805D13 /* Sources */ = {
			isa = PBXSourcesBuildPhase;
			buildActionMask = 2147483647;
			files = (
				C9C364A81F0F99A200DA367D /* Problem_14.swift in Sources */,
				C909FB701F10F93800C824AC /* Problem_15.swift in Sources */,
				C909FB721F11B47900C824AC /* Problem_16.swift in Sources */,
				C9F0ED2A1F0A845D003443C9 /* Problem_6.swift in Sources */,
				C9F3FD301F07463A00805D13 /* Problem_2.swift in Sources */,
				C91803C11F197D650093C79B /* Problem_21.swift in Sources */,
				C97A4BBA1F17B3CB00D3BBBF /* Problem_19.swift in Sources */,
				C9CCB5091F0E62310020EF3B /* Problem_11.swift in Sources */,
				C91175031F15AEAB009CEE88 /* Problem_18.swift in Sources */,
				C9F1B67A1F084D150045BFBC /* Problem_5.swift in Sources */,
				C9CBEABB1F0D1D9D0019FBFB /* Problem_9.swift in Sources */,
				C92E72F01F07660800187B0D /* Problem_3.swift in Sources */,
				C91EB45E1F13CF5B00EED7CB /* Problem_17.swift in Sources */,
				C9F3FD2E1F07462C00805D13 /* Problem_1.swift in Sources */,
				C9C3A4191F18FABA0010EADD /* Problem_20.swift in Sources */,
				C9F3FD271F07457200805D13 /* main.swift in Sources */,
				C9A0A2E61F0BDD070036591A /* Problem_7.swift in Sources */,
			);
			runOnlyForDeploymentPostprocessing = 0;
		};
/* End PBXSourcesBuildPhase section */

/* Begin XCBuildConfiguration section */
		C9F3FD281F07457200805D13 /* Debug */ = {
			isa = XCBuildConfiguration;
			buildSettings = {
				ALWAYS_SEARCH_USER_PATHS = NO;
				CLANG_ANALYZER_NONNULL = YES;
				CLANG_ANALYZER_NUMBER_OBJECT_CONVERSION = YES_AGGRESSIVE;
				CLANG_CXX_LANGUAGE_STANDARD = "gnu++0x";
				CLANG_CXX_LIBRARY = "libc++";
				CLANG_ENABLE_MODULES = YES;
				CLANG_ENABLE_OBJC_ARC = YES;
				CLANG_WARN_BOOL_CONVERSION = YES;
				CLANG_WARN_CONSTANT_CONVERSION = YES;
				CLANG_WARN_DIRECT_OBJC_ISA_USAGE = YES_ERROR;
				CLANG_WARN_DOCUMENTATION_COMMENTS = YES;
				CLANG_WARN_EMPTY_BODY = YES;
				CLANG_WARN_ENUM_CONVERSION = YES;
				CLANG_WARN_INFINITE_RECURSION = YES;
				CLANG_WARN_INT_CONVERSION = YES;
				CLANG_WARN_OBJC_ROOT_CLASS = YES_ERROR;
				CLANG_WARN_SUSPICIOUS_MOVE = YES;
				CLANG_WARN_UNREACHABLE_CODE = YES;
				CLANG_WARN__DUPLICATE_METHOD_MATCH = YES;
				CODE_SIGN_IDENTITY = "-";
				COPY_PHASE_STRIP = NO;
				DEBUG_INFORMATION_FORMAT = dwarf;
				ENABLE_STRICT_OBJC_MSGSEND = YES;
				ENABLE_TESTABILITY = YES;
				GCC_C_LANGUAGE_STANDARD = gnu99;
				GCC_DYNAMIC_NO_PIC = NO;
				GCC_NO_COMMON_BLOCKS = YES;
				GCC_OPTIMIZATION_LEVEL = 0;
				GCC_PREPROCESSOR_DEFINITIONS = (
					"DEBUG=1",
					"$(inherited)",
				);
				GCC_WARN_64_TO_32_BIT_CONVERSION = YES;
				GCC_WARN_ABOUT_RETURN_TYPE = YES_ERROR;
				GCC_WARN_UNDECLARED_SELECTOR = YES;
				GCC_WARN_UNINITIALIZED_AUTOS = YES_AGGRESSIVE;
				GCC_WARN_UNUSED_FUNCTION = YES;
				GCC_WARN_UNUSED_VARIABLE = YES;
				MACOSX_DEPLOYMENT_TARGET = 10.12;
				MTL_ENABLE_DEBUG_INFO = YES;
				ONLY_ACTIVE_ARCH = YES;
				SDKROOT = macosx;
				SWIFT_OPTIMIZATION_LEVEL = "-Onone";
			};
			name = Debug;
		};
		C9F3FD291F07457200805D13 /* Release */ = {
			isa = XCBuildConfiguration;
			buildSettings = {
				ALWAYS_SEARCH_USER_PATHS = NO;
				CLANG_ANALYZER_NONNULL = YES;
				CLANG_ANALYZER_NUMBER_OBJECT_CONVERSION = YES_AGGRESSIVE;
				CLANG_CXX_LANGUAGE_STANDARD = "gnu++0x";
				CLANG_CXX_LIBRARY = "libc++";
				CLANG_ENABLE_MODULES = YES;
				CLANG_ENABLE_OBJC_ARC = YES;
				CLANG_WARN_BOOL_CONVERSION = YES;
				CLANG_WARN_CONSTANT_CONVERSION = YES;
				CLANG_WARN_DIRECT_OBJC_ISA_USAGE = YES_ERROR;
				CLANG_WARN_DOCUMENTATION_COMMENTS = YES;
				CLANG_WARN_EMPTY_BODY = YES;
				CLANG_WARN_ENUM_CONVERSION = YES;
				CLANG_WARN_INFINITE_RECURSION = YES;
				CLANG_WARN_INT_CONVERSION = YES;
				CLANG_WARN_OBJC_ROOT_CLASS = YES_ERROR;
				CLANG_WARN_SUSPICIOUS_MOVE = YES;
				CLANG_WARN_UNREACHABLE_CODE = YES;
				CLANG_WARN__DUPLICATE_METHOD_MATCH = YES;
				CODE_SIGN_IDENTITY = "-";
				COPY_PHASE_STRIP = NO;
				DEBUG_INFORMATION_FORMAT = "dwarf-with-dsym";
				ENABLE_NS_ASSERTIONS = NO;
				ENABLE_STRICT_OBJC_MSGSEND = YES;
				GCC_C_LANGUAGE_STANDARD = gnu99;
				GCC_NO_COMMON_BLOCKS = YES;
				GCC_WARN_64_TO_32_BIT_CONVERSION = YES;
				GCC_WARN_ABOUT_RETURN_TYPE = YES_ERROR;
				GCC_WARN_UNDECLARED_SELECTOR = YES;
				GCC_WARN_UNINITIALIZED_AUTOS = YES_AGGRESSIVE;
				GCC_WARN_UNUSED_FUNCTION = YES;
				GCC_WARN_UNUSED_VARIABLE = YES;
				MACOSX_DEPLOYMENT_TARGET = 10.12;
				MTL_ENABLE_DEBUG_INFO = NO;
				SDKROOT = macosx;
			};
			name = Release;
		};
		C9F3FD2B1F07457200805D13 /* Debug */ = {
			isa = XCBuildConfiguration;
			buildSettings = {
				PRODUCT_NAME = "$(TARGET_NAME)";
				SWIFT_VERSION = 3.0;
			};
			name = Debug;
		};
		C9F3FD2C1F07457200805D13 /* Release */ = {
			isa = XCBuildConfiguration;
			buildSettings = {
				PRODUCT_NAME = "$(TARGET_NAME)";
				SWIFT_VERSION = 3.0;
			};
			name = Release;
		};
/* End XCBuildConfiguration section */

/* Begin XCConfigurationList section */
		C9F3FD1E1F07457200805D13 /* Build configuration list for PBXProject "LeetCode" */ = {
			isa = XCConfigurationList;
			buildConfigurations = (
				C9F3FD281F07457200805D13 /* Debug */,
				C9F3FD291F07457200805D13 /* Release */,
			);
			defaultConfigurationIsVisible = 0;
			defaultConfigurationName = Release;
		};
		C9F3FD2A1F07457200805D13 /* Build configuration list for PBXNativeTarget "LeetCode" */ = {
			isa = XCConfigurationList;
			buildConfigurations = (
				C9F3FD2B1F07457200805D13 /* Debug */,
				C9F3FD2C1F07457200805D13 /* Release */,
			);
			defaultConfigurationIsVisible = 0;
			defaultConfigurationName = Release;
		};
/* End XCConfigurationList section */
	};
	rootObject = C9F3FD1B1F07457200805D13 /* Project object */;
}
